
Microsoft Visual Studio Solution File, Format Version 12.00
# Visual Studio Version 16
VisualStudioVersion = 16.0.32002.261
MinimumVisualStudioVersion = 10.0.40219.1
Project("{FAE04EC0-301F-11D3-BF4B-00C04F79EFBC}") = "LoggerNugetPackege", "LoggerNugetPackege\LoggerNugetPackege.csproj", "{34F5F2CB-9CB6-4326-BEB5-485B856E43EA}"
EndProject
Global
	GlobalSection(SolutionConfigurationPlatforms) = preSolution
		Debug|Any CPU = Debug|Any CPU
		Release|Any CPU = Release|Any CPU
	EndGlobalSection
	GlobalSection(ProjectConfigurationPlatforms) = postSolution
		{34F5F2CB-9CB6-4326-BEB5-485B856E43EA}.Debug|Any CPU.ActiveCfg = Debug|Any CPU
		{34F5F2CB-9CB6-4326-BEB5-485B856E43EA}.Debug|Any CPU.Build.0 = Debug|Any CPU
		{34F5F2CB-9CB6-4326-BEB5-485B856E43EA}.Release|Any CPU.ActiveCfg = Release|Any CPU
		{34F5F2CB-9CB6-4326-BEB5-485B856E43EA}.Release|Any CPU.Build.0 = Release|Any CPU
	EndGlobalSection
	GlobalSection(SolutionProperties) = preSolution
		HideSolutionNode = FALSE
	EndGlobalSection
	GlobalSection(ExtensibilityGlobals) = postSolution
		SolutionGuid = {833E1B39-A4EB-4985-A6AB-A61A9C698960}
	EndGlobalSection
EndGlobal
